{
    "version": 3,
    "terraform_version": "0.11.11",
    "serial": 1,
    "lineage": "aa483945-1195-f170-7a15-992591dff36e",
    "modules": [
        {
            "path": [
                "root"
            ],
            "outputs": {
                "App IP": {
                    "sensitive": false,
                    "type": "string",
                    "value": ""
                },
                "NGINX Instance IPs": {
                    "sensitive": false,
                    "type": "string",
                    "value": "  "
                }
            },
            "resources": {
                "google_compute_instance.app": {
                    "type": "google_compute_instance",
                    "depends_on": [],
                    "primary": {
                        "id": "tf-app",
                        "attributes": {
                            "attached_disk.#": "0",
                            "boot_disk.#": "1",
                            "boot_disk.0.auto_delete": "true",
                            "boot_disk.0.device_name": "persistent-disk-0",
                            "boot_disk.0.disk_encryption_key_raw": "",
                            "boot_disk.0.disk_encryption_key_sha256": "",
                            "boot_disk.0.initialize_params.#": "1",
                            "boot_disk.0.initialize_params.0.image": "https://www.googleapis.com/compute/v1/projects/ubuntu-os-cloud/global/images/ubuntu-1404-trusty-v20160314",
                            "boot_disk.0.initialize_params.0.size": "10",
                            "boot_disk.0.initialize_params.0.type": "pd-standard",
                            "boot_disk.0.source": "https://www.googleapis.com/compute/v1/projects/southern-ring-232616/zones/europe-west1-b/disks/tf-app",
                            "can_ip_forward": "false",
                            "cpu_platform": "Intel Sandy Bridge",
                            "deletion_protection": "false",
                            "guest_accelerator.#": "0",
                            "hostname": "",
                            "id": "tf-app",
                            "instance_id": "8185953148597749108",
                            "label_fingerprint": "42WmSpB8rSM=",
                            "labels.%": "0",
                            "machine_type": "f1-micro",
                            "metadata.%": "1",
                            "metadata.ssh-keys": "root:ssh-rsa AAAAB3NzaC1yc2EAAAADAQABAAABAQDDFVdsbn+KJ4vH6eUZDEGETlsX9NdR6m28qn2nfl3Ytq8fxdOpV8bOCkhc6A2yknCbp7Yq+mONAEuUOlbLDVKLEqqfL53vATj/mQJ1lk42CBLn9pwXtWBOBeOitBhOG19LgRnqa6Ya99ZKi3+uwL1wCgwTIa1m+zIRXGwVuYTBlYpT3Jaz2vwuIQeflfSwZ/+QFzM0gh5lMg+Pvfl+9ljlvwHpMWzt/0Pr5NKM0h5uNlZQDRelPxJLkWcd4f4WQE6cT9URZODVK9wjVfIQUBl+0rvm90LqDJIsJd0qZHqO+qaMySEbt3kqJrsDcRAb3MEXKjlZS57w9ircZnMm7Eax root@terraform\n",
                            "metadata_fingerprint": "wpkf1uHg8do=",
                            "metadata_startup_script": "",
                            "min_cpu_platform": "",
                            "name": "tf-app",
                            "network_interface.#": "1",
                            "network_interface.0.access_config.#": "1",
                            "network_interface.0.access_config.0.assigned_nat_ip": "",
                            "network_interface.0.access_config.0.nat_ip": "34.76.10.18",
                            "network_interface.0.access_config.0.network_tier": "PREMIUM",
                            "network_interface.0.access_config.0.public_ptr_domain_name": "",
                            "network_interface.0.address": "",
                            "network_interface.0.alias_ip_range.#": "0",
                            "network_interface.0.name": "nic0",
                            "network_interface.0.network": "https://www.googleapis.com/compute/v1/projects/southern-ring-232616/global/networks/default",
                            "network_interface.0.network_ip": "10.132.0.7",
                            "network_interface.0.subnetwork": "https://www.googleapis.com/compute/v1/projects/southern-ring-232616/regions/europe-west1/subnetworks/default",
                            "network_interface.0.subnetwork_project": "southern-ring-232616",
                            "project": "southern-ring-232616",
                            "scheduling.#": "1",
                            "scheduling.0.automatic_restart": "true",
                            "scheduling.0.on_host_maintenance": "MIGRATE",
                            "scheduling.0.preemptible": "false",
                            "scratch_disk.#": "0",
                            "self_link": "https://www.googleapis.com/compute/v1/projects/southern-ring-232616/zones/europe-west1-b/instances/tf-app",
                            "service_account.#": "1",
                            "service_account.0.email": "346432705955-compute@developer.gserviceaccount.com",
                            "service_account.0.scopes.#": "1",
                            "service_account.0.scopes.2862113455": "https://www.googleapis.com/auth/compute.readonly",
                            "tags.#": "1",
                            "tags.3379458255": "app",
                            "tags_fingerprint": "-ITvvbWD_xo=",
                            "zone": "europe-west1-b"
                        },
                        "meta": {
                            "e2bfb730-ecaa-11e6-8f88-34363bc7c4c0": {
                                "create": 360000000000,
                                "delete": 360000000000,
                                "update": 360000000000
                            },
                            "schema_version": "6"
                        },
                        "tainted": false
                    },
                    "deposed": [],
                    "provider": "provider.google"
                },
                "google_compute_instance.www.0": {
                    "type": "google_compute_instance",
                    "depends_on": [],
                    "primary": {
                        "id": "tf-www-0",
                        "attributes": {
                            "attached_disk.#": "0",
                            "boot_disk.#": "1",
                            "boot_disk.0.auto_delete": "true",
                            "boot_disk.0.device_name": "persistent-disk-0",
                            "boot_disk.0.disk_encryption_key_raw": "",
                            "boot_disk.0.disk_encryption_key_sha256": "",
                            "boot_disk.0.initialize_params.#": "1",
                            "boot_disk.0.initialize_params.0.image": "https://www.googleapis.com/compute/v1/projects/ubuntu-os-cloud/global/images/ubuntu-1404-trusty-v20160314",
                            "boot_disk.0.initialize_params.0.size": "10",
                            "boot_disk.0.initialize_params.0.type": "pd-standard",
                            "boot_disk.0.source": "https://www.googleapis.com/compute/v1/projects/southern-ring-232616/zones/europe-west1-b/disks/tf-www-0",
                            "can_ip_forward": "false",
                            "cpu_platform": "Intel Sandy Bridge",
                            "deletion_protection": "false",
                            "guest_accelerator.#": "0",
                            "hostname": "",
                            "id": "tf-www-0",
                            "instance_id": "6423648799132534132",
                            "label_fingerprint": "42WmSpB8rSM=",
                            "labels.%": "0",
                            "machine_type": "f1-micro",
                            "metadata.%": "1",
                            "metadata.ssh-keys": "root:ssh-rsa AAAAB3NzaC1yc2EAAAADAQABAAABAQDDFVdsbn+KJ4vH6eUZDEGETlsX9NdR6m28qn2nfl3Ytq8fxdOpV8bOCkhc6A2yknCbp7Yq+mONAEuUOlbLDVKLEqqfL53vATj/mQJ1lk42CBLn9pwXtWBOBeOitBhOG19LgRnqa6Ya99ZKi3+uwL1wCgwTIa1m+zIRXGwVuYTBlYpT3Jaz2vwuIQeflfSwZ/+QFzM0gh5lMg+Pvfl+9ljlvwHpMWzt/0Pr5NKM0h5uNlZQDRelPxJLkWcd4f4WQE6cT9URZODVK9wjVfIQUBl+0rvm90LqDJIsJd0qZHqO+qaMySEbt3kqJrsDcRAb3MEXKjlZS57w9ircZnMm7Eax root@terraform\n",
                            "metadata_fingerprint": "wpkf1uHg8do=",
                            "metadata_startup_script": "",
                            "min_cpu_platform": "",
                            "name": "tf-www-0",
                            "network_interface.#": "1",
                            "network_interface.0.access_config.#": "1",
                            "network_interface.0.access_config.0.assigned_nat_ip": "",
                            "network_interface.0.access_config.0.nat_ip": "34.76.12.216",
                            "network_interface.0.access_config.0.network_tier": "PREMIUM",
                            "network_interface.0.access_config.0.public_ptr_domain_name": "",
                            "network_interface.0.address": "",
                            "network_interface.0.alias_ip_range.#": "0",
                            "network_interface.0.name": "nic0",
                            "network_interface.0.network": "https://www.googleapis.com/compute/v1/projects/southern-ring-232616/global/networks/default",
                            "network_interface.0.network_ip": "10.132.0.6",
                            "network_interface.0.subnetwork": "https://www.googleapis.com/compute/v1/projects/southern-ring-232616/regions/europe-west1/subnetworks/default",
                            "network_interface.0.subnetwork_project": "southern-ring-232616",
                            "project": "southern-ring-232616",
                            "scheduling.#": "1",
                            "scheduling.0.automatic_restart": "true",
                            "scheduling.0.on_host_maintenance": "MIGRATE",
                            "scheduling.0.preemptible": "false",
                            "scratch_disk.#": "0",
                            "self_link": "https://www.googleapis.com/compute/v1/projects/southern-ring-232616/zones/europe-west1-b/instances/tf-www-0",
                            "service_account.#": "1",
                            "service_account.0.email": "346432705955-compute@developer.gserviceaccount.com",
                            "service_account.0.scopes.#": "1",
                            "service_account.0.scopes.2862113455": "https://www.googleapis.com/auth/compute.readonly",
                            "tags.#": "1",
                            "tags.365508689": "web",
                            "tags_fingerprint": "3d9fNIIa_10=",
                            "zone": "europe-west1-b"
                        },
                        "meta": {
                            "e2bfb730-ecaa-11e6-8f88-34363bc7c4c0": {
                                "create": 360000000000,
                                "delete": 360000000000,
                                "update": 360000000000
                            },
                            "schema_version": "6"
                        },
                        "tainted": false
                    },
                    "deposed": [],
                    "provider": "provider.google"
                },
                "google_compute_instance.www.1": {
                    "type": "google_compute_instance",
                    "depends_on": [],
                    "primary": {
                        "id": "tf-www-1",
                        "attributes": {
                            "attached_disk.#": "0",
                            "boot_disk.#": "1",
                            "boot_disk.0.auto_delete": "true",
                            "boot_disk.0.device_name": "persistent-disk-0",
                            "boot_disk.0.disk_encryption_key_raw": "",
                            "boot_disk.0.disk_encryption_key_sha256": "",
                            "boot_disk.0.initialize_params.#": "1",
                            "boot_disk.0.initialize_params.0.image": "https://www.googleapis.com/compute/v1/projects/ubuntu-os-cloud/global/images/ubuntu-1404-trusty-v20160314",
                            "boot_disk.0.initialize_params.0.size": "10",
                            "boot_disk.0.initialize_params.0.type": "pd-standard",
                            "boot_disk.0.source": "https://www.googleapis.com/compute/v1/projects/southern-ring-232616/zones/europe-west1-b/disks/tf-www-1",
                            "can_ip_forward": "false",
                            "cpu_platform": "Intel Sandy Bridge",
                            "deletion_protection": "false",
                            "guest_accelerator.#": "0",
                            "hostname": "",
                            "id": "tf-www-1",
                            "instance_id": "2068971519163811188",
                            "label_fingerprint": "42WmSpB8rSM=",
                            "labels.%": "0",
                            "machine_type": "f1-micro",
                            "metadata.%": "1",
                            "metadata.ssh-keys": "root:ssh-rsa AAAAB3NzaC1yc2EAAAADAQABAAABAQDDFVdsbn+KJ4vH6eUZDEGETlsX9NdR6m28qn2nfl3Ytq8fxdOpV8bOCkhc6A2yknCbp7Yq+mONAEuUOlbLDVKLEqqfL53vATj/mQJ1lk42CBLn9pwXtWBOBeOitBhOG19LgRnqa6Ya99ZKi3+uwL1wCgwTIa1m+zIRXGwVuYTBlYpT3Jaz2vwuIQeflfSwZ/+QFzM0gh5lMg+Pvfl+9ljlvwHpMWzt/0Pr5NKM0h5uNlZQDRelPxJLkWcd4f4WQE6cT9URZODVK9wjVfIQUBl+0rvm90LqDJIsJd0qZHqO+qaMySEbt3kqJrsDcRAb3MEXKjlZS57w9ircZnMm7Eax root@terraform\n",
                            "metadata_fingerprint": "wpkf1uHg8do=",
                            "metadata_startup_script": "",
                            "min_cpu_platform": "",
                            "name": "tf-www-1",
                            "network_interface.#": "1",
                            "network_interface.0.access_config.#": "1",
                            "network_interface.0.access_config.0.assigned_nat_ip": "",
                            "network_interface.0.access_config.0.nat_ip": "34.76.144.102",
                            "network_interface.0.access_config.0.network_tier": "PREMIUM",
                            "network_interface.0.access_config.0.public_ptr_domain_name": "",
                            "network_interface.0.address": "",
                            "network_interface.0.alias_ip_range.#": "0",
                            "network_interface.0.name": "nic0",
                            "network_interface.0.network": "https://www.googleapis.com/compute/v1/projects/southern-ring-232616/global/networks/default",
                            "network_interface.0.network_ip": "10.132.0.9",
                            "network_interface.0.subnetwork": "https://www.googleapis.com/compute/v1/projects/southern-ring-232616/regions/europe-west1/subnetworks/default",
                            "network_interface.0.subnetwork_project": "southern-ring-232616",
                            "project": "southern-ring-232616",
                            "scheduling.#": "1",
                            "scheduling.0.automatic_restart": "true",
                            "scheduling.0.on_host_maintenance": "MIGRATE",
                            "scheduling.0.preemptible": "false",
                            "scratch_disk.#": "0",
                            "self_link": "https://www.googleapis.com/compute/v1/projects/southern-ring-232616/zones/europe-west1-b/instances/tf-www-1",
                            "service_account.#": "1",
                            "service_account.0.email": "346432705955-compute@developer.gserviceaccount.com",
                            "service_account.0.scopes.#": "1",
                            "service_account.0.scopes.2862113455": "https://www.googleapis.com/auth/compute.readonly",
                            "tags.#": "1",
                            "tags.365508689": "web",
                            "tags_fingerprint": "3d9fNIIa_10=",
                            "zone": "europe-west1-b"
                        },
                        "meta": {
                            "e2bfb730-ecaa-11e6-8f88-34363bc7c4c0": {
                                "create": 360000000000,
                                "delete": 360000000000,
                                "update": 360000000000
                            },
                            "schema_version": "6"
                        },
                        "tainted": false
                    },
                    "deposed": [],
                    "provider": "provider.google"
                },
                "google_compute_instance.www.2": {
                    "type": "google_compute_instance",
                    "depends_on": [],
                    "primary": {
                        "id": "tf-www-2",
                        "attributes": {
                            "attached_disk.#": "0",
                            "boot_disk.#": "1",
                            "boot_disk.0.auto_delete": "true",
                            "boot_disk.0.device_name": "persistent-disk-0",
                            "boot_disk.0.disk_encryption_key_raw": "",
                            "boot_disk.0.disk_encryption_key_sha256": "",
                            "boot_disk.0.initialize_params.#": "1",
                            "boot_disk.0.initialize_params.0.image": "https://www.googleapis.com/compute/v1/projects/ubuntu-os-cloud/global/images/ubuntu-1404-trusty-v20160314",
                            "boot_disk.0.initialize_params.0.size": "10",
                            "boot_disk.0.initialize_params.0.type": "pd-standard",
                            "boot_disk.0.source": "https://www.googleapis.com/compute/v1/projects/southern-ring-232616/zones/europe-west1-b/disks/tf-www-2",
                            "can_ip_forward": "false",
                            "cpu_platform": "Intel Sandy Bridge",
                            "deletion_protection": "false",
                            "guest_accelerator.#": "0",
                            "hostname": "",
                            "id": "tf-www-2",
                            "instance_id": "5747123486450042228",
                            "label_fingerprint": "42WmSpB8rSM=",
                            "labels.%": "0",
                            "machine_type": "f1-micro",
                            "metadata.%": "1",
                            "metadata.ssh-keys": "root:ssh-rsa AAAAB3NzaC1yc2EAAAADAQABAAABAQDDFVdsbn+KJ4vH6eUZDEGETlsX9NdR6m28qn2nfl3Ytq8fxdOpV8bOCkhc6A2yknCbp7Yq+mONAEuUOlbLDVKLEqqfL53vATj/mQJ1lk42CBLn9pwXtWBOBeOitBhOG19LgRnqa6Ya99ZKi3+uwL1wCgwTIa1m+zIRXGwVuYTBlYpT3Jaz2vwuIQeflfSwZ/+QFzM0gh5lMg+Pvfl+9ljlvwHpMWzt/0Pr5NKM0h5uNlZQDRelPxJLkWcd4f4WQE6cT9URZODVK9wjVfIQUBl+0rvm90LqDJIsJd0qZHqO+qaMySEbt3kqJrsDcRAb3MEXKjlZS57w9ircZnMm7Eax root@terraform\n",
                            "metadata_fingerprint": "wpkf1uHg8do=",
                            "metadata_startup_script": "",
                            "min_cpu_platform": "",
                            "name": "tf-www-2",
                            "network_interface.#": "1",
                            "network_interface.0.access_config.#": "1",
                            "network_interface.0.access_config.0.assigned_nat_ip": "",
                            "network_interface.0.access_config.0.nat_ip": "34.76.20.155",
                            "network_interface.0.access_config.0.network_tier": "PREMIUM",
                            "network_interface.0.access_config.0.public_ptr_domain_name": "",
                            "network_interface.0.address": "",
                            "network_interface.0.alias_ip_range.#": "0",
                            "network_interface.0.name": "nic0",
                            "network_interface.0.network": "https://www.googleapis.com/compute/v1/projects/southern-ring-232616/global/networks/default",
                            "network_interface.0.network_ip": "10.132.0.8",
                            "network_interface.0.subnetwork": "https://www.googleapis.com/compute/v1/projects/southern-ring-232616/regions/europe-west1/subnetworks/default",
                            "network_interface.0.subnetwork_project": "southern-ring-232616",
                            "project": "southern-ring-232616",
                            "scheduling.#": "1",
                            "scheduling.0.automatic_restart": "true",
                            "scheduling.0.on_host_maintenance": "MIGRATE",
                            "scheduling.0.preemptible": "false",
                            "scratch_disk.#": "0",
                            "self_link": "https://www.googleapis.com/compute/v1/projects/southern-ring-232616/zones/europe-west1-b/instances/tf-www-2",
                            "service_account.#": "1",
                            "service_account.0.email": "346432705955-compute@developer.gserviceaccount.com",
                            "service_account.0.scopes.#": "1",
                            "service_account.0.scopes.2862113455": "https://www.googleapis.com/auth/compute.readonly",
                            "tags.#": "1",
                            "tags.365508689": "web",
                            "tags_fingerprint": "3d9fNIIa_10=",
                            "zone": "europe-west1-b"
                        },
                        "meta": {
                            "e2bfb730-ecaa-11e6-8f88-34363bc7c4c0": {
                                "create": 360000000000,
                                "delete": 360000000000,
                                "update": 360000000000
                            },
                            "schema_version": "6"
                        },
                        "tainted": false
                    },
                    "deposed": [],
                    "provider": "provider.google"
                }
            },
            "depends_on": []
        }
    ]
}
